
Microsoft Visual Studio Solution File, Format Version 12.00
# Visual Studio Version 16
VisualStudioVersion = 16.0.33801.447
MinimumVisualStudioVersion = 10.0.40219.1
Project("{FAE04EC0-301F-11D3-BF4B-00C04F79EFBC}") = "CSharp-Technical-Challenge-AppWeb", "CSharp-Technical-Challenge\CSharp-Technical-Challenge-AppWeb.csproj", "{5B7245A1-F81F-4936-B80C-08BA7E4BDDB5}"
EndProject
Global
	GlobalSection(SolutionConfigurationPlatforms) = preSolution
		Debug|Any CPU = Debug|Any CPU
		Release|Any CPU = Release|Any CPU
	EndGlobalSection
	GlobalSection(ProjectConfigurationPlatforms) = postSolution
		{5B7245A1-F81F-4936-B80C-08BA7E4BDDB5}.Debug|Any CPU.ActiveCfg = Debug|Any CPU
		{5B7245A1-F81F-4936-B80C-08BA7E4BDDB5}.Debug|Any CPU.Build.0 = Debug|Any CPU
		{5B7245A1-F81F-4936-B80C-08BA7E4BDDB5}.Release|Any CPU.ActiveCfg = Release|Any CPU
		{5B7245A1-F81F-4936-B80C-08BA7E4BDDB5}.Release|Any CPU.Build.0 = Release|Any CPU
	EndGlobalSection
	GlobalSection(SolutionProperties) = preSolution
		HideSolutionNode = FALSE
	EndGlobalSection
	GlobalSection(ExtensibilityGlobals) = postSolution
		SolutionGuid = {A73AB0CD-B2F8-40D3-8278-F76241569B30}
	EndGlobalSection
EndGlobal
